{
  "name": "king",
  "version": "1.0.0",
  "lockfileVersion": 1,
  "requires": true,
  "dependencies": {
    "@adraffy/ens-normalize": {
      "version": "1.9.4",
      "resolved": "https://registry.npmmirror.com/@adraffy/ens-normalize/-/ens-normalize-1.9.4.tgz",
      "integrity": "sha512-UK0bHA7hh9cR39V+4gl2/NnBBjoXIxkuWAPCaY4X7fbH4L/azIi7ilWOCjMUYfpJgraLUAqkRi2BqrjME8Rynw==",
      "dev": true
    },
    "@ethereumjs/rlp": {
      "version": "4.0.1",
      "resolved": "https://registry.npmmirror.com/@ethereumjs/rlp/-/rlp-4.0.1.tgz",
      "integrity": "sha512-tqsQiBQDQdmPWE1xkkBq4rlSW5QZpLOUJ5RJh2/9fug+q9tnUhuZoVLk7s0scUIKTOzEtR72DFBXI4WiZcMpvw==",
      "dev": true
    },
    "@ethersproject/abi": {
      "version": "5.7.0",
      "resolved": "https://registry.npmmirror.com/@ethersproject/abi/-/abi-5.7.0.tgz",
      "integrity": "sha512-351ktp42TiRcYB3H1OP8yajPeAQstMW/yCFokj/AthP9bLHzQFPlOrxOcwYEDkUAICmOHljvN4K39OMTMUa9RA==",
      "dev": true,
      "requires": {
        "@ethersproject/address": "^5.7.0",
        "@ethersproject/bignumber": "^5.7.0",
        "@ethersproject/bytes": "^5.7.0",
        "@ethersproject/constants": "^5.7.0",
        "@ethersproject/hash": "^5.7.0",
        "@ethersproject/keccak256": "^5.7.0",
        "@ethersproject/logger": "^5.7.0",
        "@ethersproject/properties": "^5.7.0",
        "@ethersproject/strings": "^5.7.0"
      }
    },
    "@ethersproject/abstract-provider": {
      "version": "5.7.0",
      "resolved": "https://registry.npmmirror.com/@ethersproject/abstract-provider/-/abstract-provider-5.7.0.tgz",
      "integrity": "sha512-R41c9UkchKCpAqStMYUpdunjo3pkEvZC3FAwZn5S5MGbXoMQOHIdHItezTETxAO5bevtMApSyEhn9+CHcDsWBw==",
      "dev": true,
      "requires": {
        "@ethersproject/bignumber": "^5.7.0",
        "@ethersproject/bytes": "^5.7.0",
        "@ethersproject/logger": "^5.7.0",
        "@ethersproject/networks": "^5.7.0",
        "@ethersproject/properties": "^5.7.0",
        "@ethersproject/transactions": "^5.7.0",
        "@ethersproject/web": "^5.7.0"
      }
    },
    "@ethersproject/abstract-signer": {
      "version": "5.7.0",
      "resolved": "https://registry.npmmirror.com/@ethersproject/abstract-signer/-/abstract-signer-5.7.0.tgz",
      "integrity": "sha512-a16V8bq1/Cz+TGCkE2OPMTOUDLS3grCpdjoJCYNnVBbdYEMSgKrU0+B90s8b6H+ByYTBZN7a3g76jdIJi7UfKQ==",
      "dev": true,
      "requires": {
        "@ethersproject/abstract-provider": "^5.7.0",
        "@ethersproject/bignumber": "^5.7.0",
        "@ethersproject/bytes": "^5.7.0",
        "@ethersproject/logger": "^5.7.0",
        "@ethersproject/properties": "^5.7.0"
      }
    },
    "@ethersproject/address": {
      "version": "5.7.0",
      "resolved": "https://registry.npmmirror.com/@ethersproject/address/-/address-5.7.0.tgz",
      "integrity": "sha512-9wYhYt7aghVGo758POM5nqcOMaE168Q6aRLJZwUmiqSrAungkG74gSSeKEIR7ukixesdRZGPgVqme6vmxs1fkA==",
      "dev": true,
      "requires": {
        "@ethersproject/bignumber": "^5.7.0",
        "@ethersproject/bytes": "^5.7.0",
        "@ethersproject/keccak256": "^5.7.0",
        "@ethersproject/logger": "^5.7.0",
        "@ethersproject/rlp": "^5.7.0"
      }
    },
    "@ethersproject/base64": {
      "version": "5.7.0",
      "resolved": "https://registry.npmmirror.com/@ethersproject/base64/-/base64-5.7.0.tgz",
      "integrity": "sha512-Dr8tcHt2mEbsZr/mwTPIQAf3Ai0Bks/7gTw9dSqk1mQvhW3XvRlmDJr/4n+wg1JmCl16NZue17CDh8xb/vZ0sQ==",
      "dev": true,
      "requires": {
        "@ethersproject/bytes": "^5.7.0"
      }
    },
    "@ethersproject/bignumber": {
      "version": "5.7.0",
      "resolved": "https://registry.npmmirror.com/@ethersproject/bignumber/-/bignumber-5.7.0.tgz",
      "integrity": "sha512-n1CAdIHRWjSucQO3MC1zPSVgV/6dy/fjL9pMrPP9peL+QxEg9wOsVqwD4+818B6LUEtaXzVHQiuivzRoxPxUGw==",
      "dev": true,
      "requires": {
        "@ethersproject/bytes": "^5.7.0",
        "@ethersproject/logger": "^5.7.0",
        "bn.js": "^5.2.1"
      }
    },
    "@ethersproject/bytes": {
      "version": "5.7.0",
      "resolved": "https://registry.npmmirror.com/@ethersproject/bytes/-/bytes-5.7.0.tgz",
      "integrity": "sha512-nsbxwgFXWh9NyYWo+U8atvmMsSdKJprTcICAkvbBffT75qDocbuggBU0SJiVK2MuTrp0q+xvLkTnGMPK1+uA9A==",
      "dev": true,
      "requires": {
        "@ethersproject/logger": "^5.7.0"
      }
    },
    "@ethersproject/constants": {
      "version": "5.7.0",
      "resolved": "https://registry.npmmirror.com/@ethersproject/constants/-/constants-5.7.0.tgz",
      "integrity": "sha512-DHI+y5dBNvkpYUMiRQyxRBYBefZkJfo70VUkUAsRjcPs47muV9evftfZ0PJVCXYbAiCgght0DtcF9srFQmIgWA==",
      "dev": true,
      "requires": {
        "@ethersproject/bignumber": "^5.7.0"
      }
    },
    "@ethersproject/hash": {
      "version": "5.7.0",
      "resolved": "https://registry.npmmirror.com/@ethersproject/hash/-/hash-5.7.0.tgz",
      "integrity": "sha512-qX5WrQfnah1EFnO5zJv1v46a8HW0+E5xuBBDTwMFZLuVTx0tbU2kkx15NqdjxecrLGatQN9FGQKpb1FKdHCt+g==",
      "dev": true,
      "requires": {
        "@ethersproject/abstract-signer": "^5.7.0",
        "@ethersproject/address": "^5.7.0",
        "@ethersproject/base64": "^5.7.0",
        "@ethersproject/bignumber": "^5.7.0",
        "@ethersproject/bytes": "^5.7.0",
        "@ethersproject/keccak256": "^5.7.0",
        "@ethersproject/logger": "^5.7.0",
        "@ethersproject/properties": "^5.7.0",
        "@ethersproject/strings": "^5.7.0"
      }
    },
    "@ethersproject/keccak256": {
      "version": "5.7.0",
      "resolved": "https://registry.npmmirror.com/@ethersproject/keccak256/-/keccak256-5.7.0.tgz",
      "integrity": "sha512-2UcPboeL/iW+pSg6vZ6ydF8tCnv3Iu/8tUmLLzWWGzxWKFFqOBQFLo6uLUv6BDrLgCDfN28RJ/wtByx+jZ4KBg==",
      "dev": true,
      "requires": {
        "@ethersproject/bytes": "^5.7.0",
        "js-sha3": "0.8.0"
      }
    },
    "@ethersproject/logger": {
      "version": "5.7.0",
      "resolved": "https://registry.npmmirror.com/@ethersproject/logger/-/logger-5.7.0.tgz",
      "integrity": "sha512-0odtFdXu/XHtjQXJYA3u9G0G8btm0ND5Cu8M7i5vhEcE8/HmF4Lbdqanwyv4uQTr2tx6b7fQRmgLrsnpQlmnig==",
      "dev": true
    },
    "@ethersproject/networks": {
      "version": "5.7.1",
      "resolved": "https://registry.npmmirror.com/@ethersproject/networks/-/networks-5.7.1.tgz",
      "integrity": "sha512-n/MufjFYv3yFcUyfhnXotyDlNdFb7onmkSy8aQERi2PjNcnWQ66xXxa3XlS8nCcA8aJKJjIIMNJTC7tu80GwpQ==",
      "dev": true,
      "requires": {
        "@ethersproject/logger": "^5.7.0"
      }
    },
    "@ethersproject/properties": {
      "version": "5.7.0",
      "resolved": "https://registry.npmmirror.com/@ethersproject/properties/-/properties-5.7.0.tgz",
      "integrity": "sha512-J87jy8suntrAkIZtecpxEPxY//szqr1mlBaYlQ0r4RCaiD2hjheqF9s1LVE8vVuJCXisjIP+JgtK/Do54ej4Sw==",
      "dev": true,
      "requires": {
        "@ethersproject/logger": "^5.7.0"
      }
    },
    "@ethersproject/rlp": {
      "version": "5.7.0",
      "resolved": "https://registry.npmmirror.com/@ethersproject/rlp/-/rlp-5.7.0.tgz",
      "integrity": "sha512-rBxzX2vK8mVF7b0Tol44t5Tb8gomOHkj5guL+HhzQ1yBh/ydjGnpw6at+X6Iw0Kp3OzzzkcKp8N9r0W4kYSs9w==",
      "dev": true,
      "requires": {
        "@ethersproject/bytes": "^5.7.0",
        "@ethersproject/logger": "^5.7.0"
      }
    },
    "@ethersproject/signing-key": {
      "version": "5.7.0",
      "resolved": "https://registry.npmmirror.com/@ethersproject/signing-key/-/signing-key-5.7.0.tgz",
      "integrity": "sha512-MZdy2nL3wO0u7gkB4nA/pEf8lu1TlFswPNmy8AiYkfKTdO6eXBJyUdmHO/ehm/htHw9K/qF8ujnTyUAD+Ry54Q==",
      "dev": true,
      "requires": {
        "@ethersproject/bytes": "^5.7.0",
        "@ethersproject/logger": "^5.7.0",
        "@ethersproject/properties": "^5.7.0",
        "bn.js": "^5.2.1",
        "elliptic": "6.5.4",
        "hash.js": "1.1.7"
      }
    },
    "@ethersproject/strings": {
      "version": "5.7.0",
      "resolved": "https://registry.npmmirror.com/@ethersproject/strings/-/strings-5.7.0.tgz",
      "integrity": "sha512-/9nu+lj0YswRNSH0NXYqrh8775XNyEdUQAuf3f+SmOrnVewcJ5SBNAjF7lpgehKi4abvNNXyf+HX86czCdJ8Mg==",
      "dev": true,
      "requires": {
        "@ethersproject/bytes": "^5.7.0",
        "@ethersproject/constants": "^5.7.0",
        "@ethersproject/logger": "^5.7.0"
      }
    },
    "@ethersproject/transactions": {
      "version": "5.7.0",
      "resolved": "https://registry.npmmirror.com/@ethersproject/transactions/-/transactions-5.7.0.tgz",
      "integrity": "sha512-kmcNicCp1lp8qanMTC3RIikGgoJ80ztTyvtsFvCYpSCfkjhD0jZ2LOrnbcuxuToLIUYYf+4XwD1rP+B/erDIhQ==",
      "dev": true,
      "requires": {
        "@ethersproject/address": "^5.7.0",
        "@ethersproject/bignumber": "^5.7.0",
        "@ethersproject/bytes": "^5.7.0",
        "@ethersproject/constants": "^5.7.0",
        "@ethersproject/keccak256": "^5.7.0",
        "@ethersproject/logger": "^5.7.0",
        "@ethersproject/properties": "^5.7.0",
        "@ethersproject/rlp": "^5.7.0",
        "@ethersproject/signing-key": "^5.7.0"
      }
    },
    "@ethersproject/web": {
      "version": "5.7.1",
      "resolved": "https://registry.npmmirror.com/@ethersproject/web/-/web-5.7.1.tgz",
      "integrity": "sha512-Gueu8lSvyjBWL4cYsWsjh6MtMwM0+H4HvqFPZfB6dV8ctbP9zFAO73VG1cMWae0FLPCtz0peKPpZY8/ugJJX2w==",
      "dev": true,
      "requires": {
        "@ethersproject/base64": "^5.7.0",
        "@ethersproject/bytes": "^5.7.0",
        "@ethersproject/logger": "^5.7.0",
        "@ethersproject/properties": "^5.7.0",
        "@ethersproject/strings": "^5.7.0"
      }
    },
    "@noble/curves": {
      "version": "1.1.0",
      "resolved": "https://registry.npmmirror.com/@noble/curves/-/curves-1.1.0.tgz",
      "integrity": "sha512-091oBExgENk/kGj3AZmtBDMpxQPDtxQABR2B9lb1JbVTs6ytdzZNwvhxQ4MWasRNEzlbEH8jCWFCwhF/Obj5AA==",
      "dev": true,
      "requires": {
        "@noble/hashes": "1.3.1"
      }
    },
    "@noble/hashes": {
      "version": "1.3.1",
      "resolved": "https://registry.npmmirror.com/@noble/hashes/-/hashes-1.3.1.tgz",
      "integrity": "sha512-EbqwksQwz9xDRGfDST86whPBgM65E0OH/pCgqW0GBVzO22bNE+NuIbeTb714+IfSjU3aRk47EUvXIb5bTsenKA==",
      "dev": true
    },
    "@scure/base": {
      "version": "1.1.3",
      "resolved": "https://registry.npmmirror.com/@scure/base/-/base-1.1.3.tgz",
      "integrity": "sha512-/+SgoRjLq7Xlf0CWuLHq2LUZeL/w65kfzAPG5NH9pcmBhs+nunQTn4gvdwgMTIXnt9b2C/1SeL2XiysZEyIC9Q==",
      "dev": true
    },
    "@scure/bip32": {
      "version": "1.3.1",
      "resolved": "https://registry.npmmirror.com/@scure/bip32/-/bip32-1.3.1.tgz",
      "integrity": "sha512-osvveYtyzdEVbt3OfwwXFr4P2iVBL5u1Q3q4ONBfDY/UpOuXmOlbgwc1xECEboY8wIays8Yt6onaWMUdUbfl0A==",
      "dev": true,
      "requires": {
        "@noble/curves": "~1.1.0",
        "@noble/hashes": "~1.3.1",
        "@scure/base": "~1.1.0"
      }
    },
    "@scure/bip39": {
      "version": "1.2.1",
      "resolved": "https://registry.npmmirror.com/@scure/bip39/-/bip39-1.2.1.tgz",
      "integrity": "sha512-Z3/Fsz1yr904dduJD0NpiyRHhRYHdcnyh73FZWiV+/qhWi83wNJ3NWolYqCEN+ZWsUz2TWwajJggcRE9r1zUYg==",
      "dev": true,
      "requires": {
        "@noble/hashes": "~1.3.0",
        "@scure/base": "~1.1.0"
      }
    },
    "@types/node": {
      "version": "20.5.9",
      "resolved": "https://registry.npmmirror.com/@types/node/-/node-20.5.9.tgz",
      "integrity": "sha512-PcGNd//40kHAS3sTlzKB9C9XL4K0sTup8nbG5lC14kzEteTNuAFh9u5nA0o5TWnSG2r/JNPRXFVcHJIIeRlmqQ==",
      "dev": true
    },
    "@types/ws": {
      "version": "8.5.3",
      "resolved": "https://registry.npmmirror.com/@types/ws/-/ws-8.5.3.tgz",
      "integrity": "sha512-6YOoWjruKj1uLf3INHH7D3qTXwFfEsg1kf3c0uDdSBJwfa/llkwIjrAGV7j7mVgGNbzTQ3HiHKKDXl6bJPD97w==",
      "dev": true,
      "requires": {
        "@types/node": "*"
      }
    },
    "assertion-error": {
      "version": "1.1.0",
      "resolved": "https://registry.npmmirror.com/assertion-error/-/assertion-error-1.1.0.tgz",
      "integrity": "sha512-jgsaNduz+ndvGyFt3uSuWqvy4lCnIJiovtouQN5JZHOKCS2QuhEdbcQHFhVksz2N2U9hXJo8odG7ETyWlEeuDw==",
      "dev": true
    },
    "available-typed-arrays": {
      "version": "1.0.5",
      "resolved": "https://registry.npmmirror.com/available-typed-arrays/-/available-typed-arrays-1.0.5.tgz",
      "integrity": "sha512-DMD0KiN46eipeziST1LPP/STfDU0sufISXmjSgvVsoU2tqxctQeASejWcfNtxYKqETM1UxQ8sp2OrSBWpHY6sw==",
      "dev": true
    },
    "bn.js": {
      "version": "5.2.1",
      "resolved": "https://registry.npmmirror.com/bn.js/-/bn.js-5.2.1.tgz",
      "integrity": "sha512-eXRvHzWyYPBuB4NBy0cmYQjGitUrtqwbvlzP3G6VFnNRbsZQIxQ10PbKKHt8gZ/HW/D/747aDl+QkDqg3KQLMQ==",
      "dev": true
    },
    "brorand": {
      "version": "1.1.0",
      "resolved": "https://registry.npmmirror.com/brorand/-/brorand-1.1.0.tgz",
      "integrity": "sha512-cKV8tMCEpQs4hK/ik71d6LrPOnpkpGBR0wzxqr68g2m/LB2GxVYQroAjMJZRVM1Y4BCjCKc3vAamxSzOY2RP+w==",
      "dev": true
    },
    "call-bind": {
      "version": "1.0.2",
      "resolved": "https://registry.npmmirror.com/call-bind/-/call-bind-1.0.2.tgz",
      "integrity": "sha512-7O+FbCihrB5WGbFYesctwmTKae6rOiIzmz1icreWJ+0aA7LJfuqhEso2T9ncpcFtzMQtzXf2QGGueWJGTYsqrA==",
      "dev": true,
      "requires": {
        "function-bind": "^1.1.1",
        "get-intrinsic": "^1.0.2"
      }
    },
    "chai": {
      "version": "4.3.8",
      "resolved": "https://registry.npmmirror.com/chai/-/chai-4.3.8.tgz",
      "integrity": "sha512-vX4YvVVtxlfSZ2VecZgFUTU5qPCYsobVI2O9FmwEXBhDigYGQA6jRXCycIs1yJnnWbZ6/+a2zNIF5DfVCcJBFQ==",
      "dev": true,
      "requires": {
        "assertion-error": "^1.1.0",
        "check-error": "^1.0.2",
        "deep-eql": "^4.1.2",
        "get-func-name": "^2.0.0",
        "loupe": "^2.3.1",
        "pathval": "^1.1.1",
        "type-detect": "^4.0.5"
      }
    },
    "check-error": {
      "version": "1.0.2",
      "resolved": "https://registry.npmmirror.com/check-error/-/check-error-1.0.2.tgz",
      "integrity": "sha512-BrgHpW9NURQgzoNyjfq0Wu6VFO6D7IZEmJNdtgNqpzGG8RuNFHt2jQxWlAs4HMe119chBnv+34syEZtc6IhLtA==",
      "dev": true
    },
    "crc-32": {
      "version": "1.2.2",
      "resolved": "https://registry.npmmirror.com/crc-32/-/crc-32-1.2.2.tgz",
      "integrity": "sha512-ROmzCKrTnOwybPcJApAA6WBWij23HVfGVNKqqrZpuyZOHqK2CwHSvpGuyt/UNNvaIjEd8X5IFGp4Mh+Ie1IHJQ==",
      "dev": true
    },
    "cross-fetch": {
      "version": "3.1.8",
      "resolved": "https://registry.npmmirror.com/cross-fetch/-/cross-fetch-3.1.8.tgz",
      "integrity": "sha512-cvA+JwZoU0Xq+h6WkMvAUqPEYy92Obet6UdKLfW60qn99ftItKjB5T+BkyWOFWe2pUyfQ+IJHmpOTznqk1M6Kg==",
      "dev": true,
      "requires": {
        "node-fetch": "^2.6.12"
      }
    },
    "deep-eql": {
      "version": "4.1.3",
      "resolved": "https://registry.npmmirror.com/deep-eql/-/deep-eql-4.1.3.tgz",
      "integrity": "sha512-WaEtAOpRA1MQ0eohqZjpGD8zdI0Ovsm8mmFhaDN8dvDZzyoUMcYDnf5Y6iu7HTXxf8JDS23qWa4a+hKCDyOPzw==",
      "dev": true,
      "requires": {
        "type-detect": "^4.0.0"
      }
    },
    "elliptic": {
      "version": "6.5.4",
      "resolved": "https://registry.npmmirror.com/elliptic/-/elliptic-6.5.4.tgz",
      "integrity": "sha512-iLhC6ULemrljPZb+QutR5TQGB+pdW6KGD5RSegS+8sorOZT+rdQFbsQFJgvN3eRqNALqJer4oQ16YvJHlU8hzQ==",
      "dev": true,
      "requires": {
        "bn.js": "^4.11.9",
        "brorand": "^1.1.0",
        "hash.js": "^1.0.0",
        "hmac-drbg": "^1.0.1",
        "inherits": "^2.0.4",
        "minimalistic-assert": "^1.0.1",
        "minimalistic-crypto-utils": "^1.0.1"
      },
      "dependencies": {
        "bn.js": {
          "version": "4.12.0",
          "resolved": "https://registry.npmmirror.com/bn.js/-/bn.js-4.12.0.tgz",
          "integrity": "sha512-c98Bf3tPniI+scsdk237ku1Dc3ujXQTSgyiPUDEOe7tRkhrqridvh8klBv0HCEso1OLOYcHuCv/cS6DNxKH+ZA==",
          "dev": true
        }
      }
    },
    "ethereum-cryptography": {
      "version": "2.1.2",
      "resolved": "https://registry.npmmirror.com/ethereum-cryptography/-/ethereum-cryptography-2.1.2.tgz",
      "integrity": "sha512-Z5Ba0T0ImZ8fqXrJbpHcbpAvIswRte2wGNR/KePnu8GbbvgJ47lMxT/ZZPG6i9Jaht4azPDop4HaM00J0J59ug==",
      "dev": true,
      "requires": {
        "@noble/curves": "1.1.0",
        "@noble/hashes": "1.3.1",
        "@scure/bip32": "1.3.1",
        "@scure/bip39": "1.2.1"
      }
    },
    "for-each": {
      "version": "0.3.3",
      "resolved": "https://registry.npmmirror.com/for-each/-/for-each-0.3.3.tgz",
      "integrity": "sha512-jqYfLp7mo9vIyQf8ykW2v7A+2N4QjeCeI5+Dz9XraiO1ign81wjiH7Fb9vSOWvQfNtmSa4H2RoQTrrXivdUZmw==",
      "dev": true,
      "requires": {
        "is-callable": "^1.1.3"
      }
    },
    "function-bind": {
      "version": "1.1.1",
      "resolved": "https://registry.npmmirror.com/function-bind/-/function-bind-1.1.1.tgz",
      "integrity": "sha512-yIovAzMX49sF8Yl58fSCWJ5svSLuaibPxXQJFLmBObTuCr0Mf1KiPopGM9NiFjiYBCbfaa2Fh6breQ6ANVTI0A==",
      "dev": true
    },
    "get-func-name": {
      "version": "2.0.0",
      "resolved": "https://registry.npmmirror.com/get-func-name/-/get-func-name-2.0.0.tgz",
      "integrity": "sha512-Hm0ixYtaSZ/V7C8FJrtZIuBBI+iSgL+1Aq82zSu8VQNB4S3Gk8e7Qs3VwBDJAhmRZcFqkl3tQu36g/Foh5I5ig==",
      "dev": true
    },
    "get-intrinsic": {
      "version": "1.2.1",
      "resolved": "https://registry.npmmirror.com/get-intrinsic/-/get-intrinsic-1.2.1.tgz",
      "integrity": "sha512-2DcsyfABl+gVHEfCOaTrWgyt+tb6MSEGmKq+kI5HwLbIYgjgmMcV8KQ41uaKz1xxUcn9tJtgFbQUEVcEbd0FYw==",
      "dev": true,
      "requires": {
        "function-bind": "^1.1.1",
        "has": "^1.0.3",
        "has-proto": "^1.0.1",
        "has-symbols": "^1.0.3"
      }
    },
    "gopd": {
      "version": "1.0.1",
      "resolved": "https://registry.npmmirror.com/gopd/-/gopd-1.0.1.tgz",
      "integrity": "sha512-d65bNlIadxvpb/A2abVdlqKqV563juRnZ1Wtk6s1sIR8uNsXR70xqIzVqxVf1eTqDunwT2MkczEeaezCKTZhwA==",
      "dev": true,
      "requires": {
        "get-intrinsic": "^1.1.3"
      }
    },
    "has": {
      "version": "1.0.3",
      "resolved": "https://registry.npmmirror.com/has/-/has-1.0.3.tgz",
      "integrity": "sha512-f2dvO0VU6Oej7RkWJGrehjbzMAjFp5/VKPp5tTpWIV4JHHZK1/BxbFRtf/siA2SWTe09caDmVtYYzWEIbBS4zw==",
      "dev": true,
      "requires": {
        "function-bind": "^1.1.1"
      }
    },
    "has-proto": {
      "version": "1.0.1",
      "resolved": "https://registry.npmmirror.com/has-proto/-/has-proto-1.0.1.tgz",
      "integrity": "sha512-7qE+iP+O+bgF9clE5+UoBFzE65mlBiVj3tKCrlNQ0Ogwm0BjpT/gK4SlLYDMybDh5I3TCTKnPPa0oMG7JDYrhg==",
      "dev": true
    },
    "has-symbols": {
      "version": "1.0.3",
      "resolved": "https://registry.npmmirror.com/has-symbols/-/has-symbols-1.0.3.tgz",
      "integrity": "sha512-l3LCuF6MgDNwTDKkdYGEihYjt5pRPbEg46rtlmnSPlUbgmB8LOIrKJbYYFBSbnPaJexMKtiPO8hmeRjRz2Td+A==",
      "dev": true
    },
    "has-tostringtag": {
      "version": "1.0.0",
      "resolved": "https://registry.npmmirror.com/has-tostringtag/-/has-tostringtag-1.0.0.tgz",
      "integrity": "sha512-kFjcSNhnlGV1kyoGk7OXKSawH5JOb/LzUc5w9B02hOTO0dfFRjbHQKvg1d6cf3HbeUmtU9VbbV3qzZ2Teh97WQ==",
      "dev": true,
      "requires": {
        "has-symbols": "^1.0.2"
      }
    },
    "hash.js": {
      "version": "1.1.7",
      "resolved": "https://registry.npmmirror.com/hash.js/-/hash.js-1.1.7.tgz",
      "integrity": "sha512-taOaskGt4z4SOANNseOviYDvjEJinIkRgmp7LbKP2YTTmVxWBl87s/uzK9r+44BclBSp2X7K1hqeNfz9JbBeXA==",
      "dev": true,
      "requires": {
        "inherits": "^2.0.3",
        "minimalistic-assert": "^1.0.1"
      }
    },
    "hmac-drbg": {
      "version": "1.0.1",
      "resolved": "https://registry.npmmirror.com/hmac-drbg/-/hmac-drbg-1.0.1.tgz",
      "integrity": "sha512-Tti3gMqLdZfhOQY1Mzf/AanLiqh1WTiJgEj26ZuYQ9fbkLomzGchCws4FyrSd4VkpBfiNhaE1On+lOz894jvXg==",
      "dev": true,
      "requires": {
        "hash.js": "^1.0.3",
        "minimalistic-assert": "^1.0.0",
        "minimalistic-crypto-utils": "^1.0.1"
      }
    },
    "inherits": {
      "version": "2.0.4",
      "resolved": "https://registry.npmmirror.com/inherits/-/inherits-2.0.4.tgz",
      "integrity": "sha512-k/vGaX4/Yla3WzyMCvTQOXYeIHvqOKtnqBduzTHpzpQZzAskKMhZ2K+EnBiSM9zGSoIFeMpXKxa4dYeZIQqewQ==",
      "dev": true
    },
    "is-arguments": {
      "version": "1.1.1",
      "resolved": "https://registry.npmmirror.com/is-arguments/-/is-arguments-1.1.1.tgz",
      "integrity": "sha512-8Q7EARjzEnKpt/PCD7e1cgUS0a6X8u5tdSiMqXhojOdoV9TsMsiO+9VLC5vAmO8N7/GmXn7yjR8qnA6bVAEzfA==",
      "dev": true,
      "requires": {
        "call-bind": "^1.0.2",
        "has-tostringtag": "^1.0.0"
      }
    },
    "is-callable": {
      "version": "1.2.7",
      "resolved": "https://registry.npmmirror.com/is-callable/-/is-callable-1.2.7.tgz",
      "integrity": "sha512-1BC0BVFhS/p0qtw6enp8e+8OD0UrK0oFLztSjNzhcKA3WDuJxxAPXzPuPtKkjEY9UUoEWlX/8fgKeu2S8i9JTA==",
      "dev": true
    },
    "is-generator-function": {
      "version": "1.0.10",
      "resolved": "https://registry.npmmirror.com/is-generator-function/-/is-generator-function-1.0.10.tgz",
      "integrity": "sha512-jsEjy9l3yiXEQ+PsXdmBwEPcOxaXWLspKdplFUVI9vq1iZgIekeC0L167qeu86czQaxed3q/Uzuw0swL0irL8A==",
      "dev": true,
      "requires": {
        "has-tostringtag": "^1.0.0"
      }
    },
    "is-typed-array": {
      "version": "1.1.12",
      "resolved": "https://registry.npmmirror.com/is-typed-array/-/is-typed-array-1.1.12.tgz",
      "integrity": "sha512-Z14TF2JNG8Lss5/HMqt0//T9JeHXttXy5pH/DBU4vi98ozO2btxzq9MwYDZYnKwU8nRsz/+GVFVRDq3DkVuSPg==",
      "dev": true,
      "requires": {
        "which-typed-array": "^1.1.11"
      }
    },
    "isomorphic-ws": {
      "version": "5.0.0",
      "resolved": "https://registry.npmmirror.com/isomorphic-ws/-/isomorphic-ws-5.0.0.tgz",
      "integrity": "sha512-muId7Zzn9ywDsyXgTIafTry2sV3nySZeUDe6YedVd1Hvuuep5AsIlqK+XefWpYTyJG5e503F2xIuT2lcU6rCSw==",
      "dev": true
    },
    "js-sha3": {
      "version": "0.8.0",
      "resolved": "https://registry.npmmirror.com/js-sha3/-/js-sha3-0.8.0.tgz",
      "integrity": "sha512-gF1cRrHhIzNfToc802P800N8PpXS+evLLXfsVpowqmAFR9uwbi89WvXg2QspOmXL8QL86J4T1EpFu+yUkwJY3Q==",
      "dev": true
    },
    "loupe": {
      "version": "2.3.6",
      "resolved": "https://registry.npmmirror.com/loupe/-/loupe-2.3.6.tgz",
      "integrity": "sha512-RaPMZKiMy8/JruncMU5Bt6na1eftNoo++R4Y+N2FrxkDVTrGvcyzFTsaGif4QTeKESheMGegbhw6iUAq+5A8zA==",
      "dev": true,
      "requires": {
        "get-func-name": "^2.0.0"
      }
    },
    "minimalistic-assert": {
      "version": "1.0.1",
      "resolved": "https://registry.npmmirror.com/minimalistic-assert/-/minimalistic-assert-1.0.1.tgz",
      "integrity": "sha512-UtJcAD4yEaGtjPezWuO9wC4nwUnVH/8/Im3yEHQP4b67cXlD/Qr9hdITCU1xDbSEXg2XKNaP8jsReV7vQd00/A==",
      "dev": true
    },
    "minimalistic-crypto-utils": {
      "version": "1.0.1",
      "resolved": "https://registry.npmmirror.com/minimalistic-crypto-utils/-/minimalistic-crypto-utils-1.0.1.tgz",
      "integrity": "sha512-JIYlbt6g8i5jKfJ3xz7rF0LXmv2TkDxBLUkiBeZ7bAx4GnnNMr8xFpGnOxn6GhTEHx3SjRrZEoU+j04prX1ktg==",
      "dev": true
    },
    "node-fetch": {
      "version": "2.7.0",
      "resolved": "https://registry.npmmirror.com/node-fetch/-/node-fetch-2.7.0.tgz",
      "integrity": "sha512-c4FRfUm/dbcWZ7U+1Wq0AwCyFL+3nt2bEw05wfxSz+DWpWsitgmSgYmy2dQdWyKC1694ELPqMs/YzUSNozLt8A==",
      "dev": true,
      "requires": {
        "whatwg-url": "^5.0.0"
      }
    },
    "pathval": {
      "version": "1.1.1",
      "resolved": "https://registry.npmmirror.com/pathval/-/pathval-1.1.1.tgz",
      "integrity": "sha512-Dp6zGqpTdETdR63lehJYPeIOqpiNBNtc7BpWSLrOje7UaIsE5aY92r/AunQA7rsXvet3lrJ3JnZX29UPTKXyKQ==",
      "dev": true
    },
    "setimmediate": {
      "version": "1.0.5",
      "resolved": "https://registry.npmmirror.com/setimmediate/-/setimmediate-1.0.5.tgz",
      "integrity": "sha512-MATJdZp8sLqDl/68LfQmbP8zKPLQNV6BIZoIgrscFDQ+RsvK/BxeDQOgyxKKoh0y/8h3BqVFnCqQ/gd+reiIXA==",
      "dev": true
    },
    "tr46": {
      "version": "0.0.3",
      "resolved": "https://registry.npmmirror.com/tr46/-/tr46-0.0.3.tgz",
      "integrity": "sha512-N3WMsuqV66lT30CrXNbEjx4GEwlow3v6rr4mCcv6prnfwhS01rkgyFdjPNBYd9br7LpXV1+Emh01fHnq2Gdgrw==",
      "dev": true
    },
    "type-detect": {
      "version": "4.0.8",
      "resolved": "https://registry.npmmirror.com/type-detect/-/type-detect-4.0.8.tgz",
      "integrity": "sha512-0fr/mIH1dlO+x7TlcMy+bIDqKPsw/70tVyeHW787goQjhmqaZe10uwLujubK9q9Lg6Fiho1KUKDYz0Z7k7g5/g==",
      "dev": true
    },
    "util": {
      "version": "0.12.5",
      "resolved": "https://registry.npmmirror.com/util/-/util-0.12.5.tgz",
      "integrity": "sha512-kZf/K6hEIrWHI6XqOFUiiMa+79wE/D8Q+NCNAWclkyg3b4d2k7s0QGepNjiABc+aR3N1PAyHL7p6UcLY6LmrnA==",
      "dev": true,
      "requires": {
        "inherits": "^2.0.3",
        "is-arguments": "^1.0.4",
        "is-generator-function": "^1.0.7",
        "is-typed-array": "^1.1.3",
        "which-typed-array": "^1.1.2"
      }
    },
    "web3": {
      "version": "4.1.1",
      "resolved": "https://registry.npmmirror.com/web3/-/web3-4.1.1.tgz",
      "integrity": "sha512-vnPll2G+ZNktSu7oJVjAW0QYuY0kPHLs8LQMifml4kTR+hqhiTmzMIzO8FqkcsESLEu6H9R7Acj6EgyeU1hruQ==",
      "dev": true,
      "requires": {
        "web3-core": "^4.1.1",
        "web3-errors": "^1.1.1",
        "web3-eth": "^4.1.1",
        "web3-eth-abi": "^4.1.1",
        "web3-eth-accounts": "^4.0.5",
        "web3-eth-contract": "^4.0.5",
        "web3-eth-ens": "^4.0.5",
        "web3-eth-iban": "^4.0.5",
        "web3-eth-personal": "^4.0.5",
        "web3-net": "^4.0.5",
        "web3-providers-http": "^4.0.5",
        "web3-providers-ws": "^4.0.5",
        "web3-rpc-methods": "^1.1.1",
        "web3-types": "^1.1.1",
        "web3-utils": "^4.0.5",
        "web3-validator": "^2.0.1"
      }
    },
    "web3-core": {
      "version": "4.1.1",
      "resolved": "https://registry.npmmirror.com/web3-core/-/web3-core-4.1.1.tgz",
      "integrity": "sha512-wzS01bC+ihf5DJ6mz2fz4d5yxnPEM5AYQIRihO8kUt3dil+X4V07CHks23wLbb9yk8U9+3a1Iod207WGF872rA==",
      "dev": true,
      "requires": {
        "web3-errors": "^1.1.1",
        "web3-eth-iban": "^4.0.5",
        "web3-providers-http": "^4.0.5",
        "web3-providers-ipc": "^4.0.5",
        "web3-providers-ws": "^4.0.5",
        "web3-types": "^1.1.1",
        "web3-utils": "^4.0.5",
        "web3-validator": "^2.0.1"
      }
    },
    "web3-errors": {
      "version": "1.1.1",
      "resolved": "https://registry.npmmirror.com/web3-errors/-/web3-errors-1.1.1.tgz",
      "integrity": "sha512-9IEhcympCJEK3Nmkz2oE/daKnOh+3CxHceuVWWRkHWKUfuIiJQgXAv9wRkPGk63JJTP/R9jtGmP+IbkScKoTBA==",
      "dev": true,
      "requires": {
        "web3-types": "^1.1.1"
      }
    },
    "web3-eth": {
      "version": "4.1.1",
      "resolved": "https://registry.npmmirror.com/web3-eth/-/web3-eth-4.1.1.tgz",
      "integrity": "sha512-0lftXINbeEOiYhHCWIKgeAOPnjoeHR8DTWLOjURDoz5CKbTj2wfcRQvuL6tUfvvVmrGWHEfIOncM30jhjlTxYQ==",
      "dev": true,
      "requires": {
        "setimmediate": "^1.0.5",
        "web3-core": "^4.1.1",
        "web3-errors": "^1.1.1",
        "web3-eth-abi": "^4.1.1",
        "web3-eth-accounts": "^4.0.5",
        "web3-net": "^4.0.5",
        "web3-providers-ws": "^4.0.5",
        "web3-rpc-methods": "^1.1.1",
        "web3-types": "^1.1.1",
        "web3-utils": "^4.0.5",
        "web3-validator": "^2.0.1"
      }
    },
    "web3-eth-abi": {
      "version": "4.1.1",
      "resolved": "https://registry.npmmirror.com/web3-eth-abi/-/web3-eth-abi-4.1.1.tgz",
      "integrity": "sha512-dOLwJ7Ua98WMXuxk7anYfSIqkuCdUvrvU/Um/OWPb6Gw10QciKUWXMIiRobNpWkpS8R77nDtecmQQ1OnTnLaNA==",
      "dev": true,
      "requires": {
        "@ethersproject/abi": "^5.7.0",
        "@ethersproject/bignumber": "^5.7.0",
        "web3-errors": "^1.1.1",
        "web3-types": "^1.1.1",
        "web3-utils": "^4.0.5"
      }
    },
    "web3-eth-accounts": {
      "version": "4.0.5",
      "resolved": "https://registry.npmmirror.com/web3-eth-accounts/-/web3-eth-accounts-4.0.5.tgz",
      "integrity": "sha512-cmaAH20zFe/7Xjga7EuRXL0UV4O894i6ElEXB9Cqd9fP/CBnhQYK/TYuU37xydHhs5WY+B0hKeaoTqxLaPWAYg==",
      "dev": true,
      "requires": {
        "@ethereumjs/rlp": "^4.0.1",
        "crc-32": "^1.2.2",
        "ethereum-cryptography": "^2.0.0",
        "web3-errors": "^1.1.1",
        "web3-types": "^1.1.1",
        "web3-utils": "^4.0.5",
        "web3-validator": "^2.0.1"
      }
    },
    "web3-eth-contract": {
      "version": "4.0.5",
      "resolved": "https://registry.npmmirror.com/web3-eth-contract/-/web3-eth-contract-4.0.5.tgz",
      "integrity": "sha512-gS21liRDutWQX9i+Ru2Porzefx+7AumRvk+ZLR9wy8l9iLZxldvsvMdgbsyf9lA7UHOqPEhg/zoDyEc0N0hAVw==",
      "dev": true,
      "requires": {
        "web3-core": "^4.1.1",
        "web3-errors": "^1.1.1",
        "web3-eth": "^4.1.1",
        "web3-eth-abi": "^4.1.1",
        "web3-types": "^1.1.1",
        "web3-utils": "^4.0.5",
        "web3-validator": "^2.0.1"
      }
    },
    "web3-eth-ens": {
      "version": "4.0.5",
      "resolved": "https://registry.npmmirror.com/web3-eth-ens/-/web3-eth-ens-4.0.5.tgz",
      "integrity": "sha512-PBTCk7h3NlSKP9XWmUJbpTJfMK3IybMAjn+uKrvSbeP50/xaZ73s94nI0eaRmI2FxlSQwTsd7apxXzrE07iKJw==",
      "dev": true,
      "requires": {
        "@adraffy/ens-normalize": "^1.8.8",
        "web3-core": "^4.1.1",
        "web3-errors": "^1.1.1",
        "web3-eth": "^4.1.1",
        "web3-eth-contract": "^4.0.5",
        "web3-net": "^4.0.5",
        "web3-types": "^1.1.1",
        "web3-utils": "^4.0.5",
        "web3-validator": "^2.0.1"
      }
    },
    "web3-eth-iban": {
      "version": "4.0.5",
      "resolved": "https://registry.npmmirror.com/web3-eth-iban/-/web3-eth-iban-4.0.5.tgz",
      "integrity": "sha512-rAH4Dsk0G90W8UqQFomGNjLfxKhBJwkSnkjdG7TUCRhoFvqvrsW1YL+4a+UoODRyJ9BCdaRR71jrymmy4UTDHA==",
      "dev": true,
      "requires": {
        "web3-errors": "^1.1.1",
        "web3-types": "^1.1.1",
        "web3-utils": "^4.0.5",
        "web3-validator": "^2.0.1"
      }
    },
    "web3-eth-personal": {
      "version": "4.0.5",
      "resolved": "https://registry.npmmirror.com/web3-eth-personal/-/web3-eth-personal-4.0.5.tgz",
      "integrity": "sha512-cypChpAaljYtd1fOfjvhDvty7SBdUvwz5hSimwb+81IJ4MtWc7Jdbn1Ka/g0ZxwoAm46OmeV0yHef7+QyfbpsQ==",
      "dev": true,
      "requires": {
        "web3-core": "^4.1.1",
        "web3-eth": "^4.1.1",
        "web3-rpc-methods": "^1.1.1",
        "web3-types": "^1.1.1",
        "web3-utils": "^4.0.5",
        "web3-validator": "^2.0.1"
      }
    },
    "web3-net": {
      "version": "4.0.5",
      "resolved": "https://registry.npmmirror.com/web3-net/-/web3-net-4.0.5.tgz",
      "integrity": "sha512-7Ir+Da5z3I3KxUn7nmg6NcXxWADYnQAkHX7Z4u4NE3yA+gNbiwPUjVpvSgzpNoDZj+EFovvP1AuOR5idHvyE0g==",
      "dev": true,
      "requires": {
        "web3-core": "^4.1.1",
        "web3-rpc-methods": "^1.1.1",
        "web3-types": "^1.1.1",
        "web3-utils": "^4.0.5"
      }
    },
    "web3-providers-http": {
      "version": "4.0.5",
      "resolved": "https://registry.npmmirror.com/web3-providers-http/-/web3-providers-http-4.0.5.tgz",
      "integrity": "sha512-JAY0GyLqRKbKw7m92EMg84otLU6N/NmYqepPid7B8XcPkGzhK6R/FsATyi+BGe2ecW9HRyCSz9SWllTjlKhRwQ==",
      "dev": true,
      "requires": {
        "cross-fetch": "^3.1.5",
        "web3-errors": "^1.1.1",
        "web3-types": "^1.1.1",
        "web3-utils": "^4.0.5"
      }
    },
    "web3-providers-ipc": {
      "version": "4.0.5",
      "resolved": "https://registry.npmmirror.com/web3-providers-ipc/-/web3-providers-ipc-4.0.5.tgz",
      "integrity": "sha512-1mJWqBnKbQ6UGHVxuXDJRpw4NwkpJ7NabyF2XBmzctzFHKvzE0X1dAocy3tih49J38d0vKrmubTOqxxkMpq49Q==",
      "dev": true,
      "optional": true,
      "requires": {
        "web3-errors": "^1.1.1",
        "web3-types": "^1.1.1",
        "web3-utils": "^4.0.5"
      }
    },
    "web3-providers-ws": {
      "version": "4.0.5",
      "resolved": "https://registry.npmmirror.com/web3-providers-ws/-/web3-providers-ws-4.0.5.tgz",
      "integrity": "sha512-v9xE16Jjczy+7jMKY7rwTuXgwGK51NKvCGdFERPPcSNJCkS5YCBq9DpzJe8mcr5QhuhnTeGeQ7XmcjTzDRkwnQ==",
      "dev": true,
      "requires": {
        "@types/ws": "8.5.3",
        "isomorphic-ws": "^5.0.0",
        "web3-errors": "^1.1.1",
        "web3-types": "^1.1.1",
        "web3-utils": "^4.0.5",
        "ws": "^8.8.1"
      }
    },
    "web3-rpc-methods": {
      "version": "1.1.1",
      "resolved": "https://registry.npmmirror.com/web3-rpc-methods/-/web3-rpc-methods-1.1.1.tgz",
      "integrity": "sha512-aAhm1eIKPWWBRf+BrYpKcvQX5qAg1LOU6NhriY0xpXJh01hbwkz0Q8rMJfCCjlGAElYHSp2K/odyAmyKRDr0LQ==",
      "dev": true,
      "requires": {
        "web3-core": "^4.1.1",
        "web3-types": "^1.1.1",
        "web3-validator": "^2.0.1"
      }
    },
    "web3-types": {
      "version": "1.1.1",
      "resolved": "https://registry.npmmirror.com/web3-types/-/web3-types-1.1.1.tgz",
      "integrity": "sha512-bXmIPJi/NPed43JBcya71gT+euZSMvfQx6NYv8G97PSNxR1HWwANYBKbamTZvzBbq10QCwQLh0hZw3tyOXuPFA==",
      "dev": true
    },
    "web3-utils": {
      "version": "4.0.5",
      "resolved": "https://registry.npmmirror.com/web3-utils/-/web3-utils-4.0.5.tgz",
      "integrity": "sha512-43xIM7rr3htYNzliVQLpWLQmEf4XX8IXgjvqLcEuC/xje14O5UQM4kamRCtz8v3JZN3X6QTfsV6Zgby67mVmCg==",
      "dev": true,
      "requires": {
        "ethereum-cryptography": "^2.0.0",
        "web3-errors": "^1.1.1",
        "web3-types": "^1.1.1",
        "web3-validator": "^2.0.1"
      }
    },
    "web3-validator": {
      "version": "2.0.1",
      "resolved": "https://registry.npmmirror.com/web3-validator/-/web3-validator-2.0.1.tgz",
      "integrity": "sha512-RIdZCNhceBEOQpmzcEk6K3qqLHRfDIMkg2PJe7yllpuEc0fa0cmUZgGUl1FEnioc5Rx9GBEE8eTllaneIAiiQQ==",
      "dev": true,
      "requires": {
        "ethereum-cryptography": "^2.0.0",
        "util": "^0.12.5",
        "web3-errors": "^1.1.1",
        "web3-types": "^1.1.1",
        "zod": "^3.21.4"
      }
    },
    "webidl-conversions": {
      "version": "3.0.1",
      "resolved": "https://registry.npmmirror.com/webidl-conversions/-/webidl-conversions-3.0.1.tgz",
      "integrity": "sha512-2JAn3z8AR6rjK8Sm8orRC0h/bcl/DqL7tRPdGZ4I1CjdF+EaMLmYxBHyXuKL849eucPFhvBoxMsflfOb8kxaeQ==",
      "dev": true
    },
    "whatwg-url": {
      "version": "5.0.0",
      "resolved": "https://registry.npmmirror.com/whatwg-url/-/whatwg-url-5.0.0.tgz",
      "integrity": "sha512-saE57nupxk6v3HY35+jzBwYa0rKSy0XR8JSxZPwgLr7ys0IBzhGviA1/TUGJLmSVqs8pb9AnvICXEuOHLprYTw==",
      "dev": true,
      "requires": {
        "tr46": "~0.0.3",
        "webidl-conversions": "^3.0.0"
      }
    },
    "which-typed-array": {
      "version": "1.1.11",
      "resolved": "https://registry.npmmirror.com/which-typed-array/-/which-typed-array-1.1.11.tgz",
      "integrity": "sha512-qe9UWWpkeG5yzZ0tNYxDmd7vo58HDBc39mZ0xWWpolAGADdFOzkfamWLDxkOWcvHQKVmdTyQdLD4NOfjLWTKew==",
      "dev": true,
      "requires": {
        "available-typed-arrays": "^1.0.5",
        "call-bind": "^1.0.2",
        "for-each": "^0.3.3",
        "gopd": "^1.0.1",
        "has-tostringtag": "^1.0.0"
      }
    },
    "ws": {
      "version": "8.14.0",
      "resolved": "https://registry.npmmirror.com/ws/-/ws-8.14.0.tgz",
      "integrity": "sha512-WR0RJE9Ehsio6U4TuM+LmunEsjQ5ncHlw4sn9ihD6RoJKZrVyH9FWV3dmnwu8B2aNib1OvG2X6adUCyFpQyWcg==",
      "dev": true
    },
    "zod": {
      "version": "3.22.2",
      "resolved": "https://registry.npmmirror.com/zod/-/zod-3.22.2.tgz",
      "integrity": "sha512-wvWkphh5WQsJbVk1tbx1l1Ly4yg+XecD+Mq280uBGt9wa5BKSWf4Mhp6GmrkPixhMxmabYY7RbzlwVP32pbGCg==",
      "dev": true
    }
  }
}
